// !$*UTF8*$!
{
	archiveVersion = 1;
	classes = {
	};
	objectVersion = 56;
	objects = {

/* Begin PBXBuildFile section */
		763693C12C4226760073ADED /* AppDelegate.swift in Sources */ = {isa = PBXBuildFile; fileRef = 763693C02C4226760073ADED /* AppDelegate.swift */; };
		763693C32C4226760073ADED /* SceneDelegate.swift in Sources */ = {isa = PBXBuildFile; fileRef = 763693C22C4226760073ADED /* SceneDelegate.swift */; };
		763693C52C4226760073ADED /* ViewController.swift in Sources */ = {isa = PBXBuildFile; fileRef = 763693C42C4226760073ADED /* ViewController.swift */; };
		763693C82C4226760073ADED /* Base in Resources */ = {isa = PBXBuildFile; fileRef = 763693C72C4226760073ADED /* Base */; };
		763693CA2C4226790073ADED /* Assets.xcassets in Resources */ = {isa = PBXBuildFile; fileRef = 763693C92C4226790073ADED /* Assets.xcassets */; };
		763693CD2C4226790073ADED /* Base in Resources */ = {isa = PBXBuildFile; fileRef = 763693CC2C4226790073ADED /* Base */; };
		763693D72C4227F10073ADED /* Configuration.txt in Resources */ = {isa = PBXBuildFile; fileRef = 763693D62C4227F10073ADED /* Configuration.txt */; };
		76822B4D2C4237F7002BD174 /* Configuration.json in Resources */ = {isa = PBXBuildFile; fileRef = 76822B4C2C4237F7002BD174 /* Configuration.json */; };
		76822B4F2C4239CC002BD174 /* AppInfo.swift in Sources */ = {isa = PBXBuildFile; fileRef = 76822B4E2C4239CC002BD174 /* AppInfo.swift */; };
/* End PBXBuildFile section */

/* Begin PBXFileReference section */
		763693BD2C4226760073ADED /* Read Files.app */ = {isa = PBXFileReference; explicitFileType = wrapper.application; includeInIndex = 0; path = "Read Files.app"; sourceTree = BUILT_PRODUCTS_DIR; };
		763693C02C4226760073ADED /* AppDelegate.swift */ = {isa = PBXFileReference; lastKnownFileType = sourcecode.swift; path = AppDelegate.swift; sourceTree = "<group>"; };
		763693C22C4226760073ADED /* SceneDelegate.swift */ = {isa = PBXFileReference; lastKnownFileType = sourcecode.swift; path = SceneDelegate.swift; sourceTree = "<group>"; };
		763693C42C4226760073ADED /* ViewController.swift */ = {isa = PBXFileReference; lastKnownFileType = sourcecode.swift; path = ViewController.swift; sourceTree = "<group>"; };
		763693C72C4226760073ADED /* Base */ = {isa = PBXFileReference; lastKnownFileType = file.storyboard; name = Base; path = Base.lproj/Main.storyboard; sourceTree = "<group>"; };
		763693C92C4226790073ADED /* Assets.xcassets */ = {isa = PBXFileReference; lastKnownFileType = folder.assetcatalog; path = Assets.xcassets; sourceTree = "<group>"; };
		763693CC2C4226790073ADED /* Base */ = {isa = PBXFileReference; lastKnownFileType = file.storyboard; name = Base; path = Base.lproj/LaunchScreen.storyboard; sourceTree = "<group>"; };
		763693CE2C4226790073ADED /* Info.plist */ = {isa = PBXFileReference; lastKnownFileType = text.plist.xml; path = Info.plist; sourceTree = "<group>"; };
		763693D62C4227F10073ADED /* Configuration.txt */ = {isa = PBXFileReference; fileEncoding = 4; lastKnownFileType = text; path = Configuration.txt; sourceTree = "<group>"; };
		76822B4C2C4237F7002BD174 /* Configuration.json */ = {isa = PBXFileReference; fileEncoding = 4; lastKnownFileType = text.json; path = Configuration.json; sourceTree = "<group>"; };
		76822B4E2C4239CC002BD174 /* AppInfo.swift */ = {isa = PBXFileReference; lastKnownFileType = sourcecode.swift; path = AppInfo.swift; sourceTree = "<group>"; };
/* End PBXFileReference section */

/* Begin PBXFrameworksBuildPhase section */
		763693BA2C4226760073ADED /* Frameworks */ = {
			isa = PBXFrameworksBuildPhase;
			buildActionMask = 2147483647;
			files = (
			);
			runOnlyForDeploymentPostprocessing = 0;
		};
/* End PBXFrameworksBuildPhase section */

/* Begin PBXGroup section */
		763693B42C4226760073ADED = {
			isa = PBXGroup;
			children = (
				763693BF2C4226760073ADED /* Read Files */,
				763693BE2C4226760073ADED /* Products */,
			);
			sourceTree = "<group>";
		};
		763693BE2C4226760073ADED /* Products */ = {
			isa = PBXGroup;
			children = (
				763693BD2C4226760073ADED /* Read Files.app */,
			);
			name = Products;
			sourceTree = "<group>";
		};
		763693BF2C4226760073ADED /* Read Files */ = {
			isa = PBXGroup;
			children = (
				763693D62C4227F10073ADED /* Configuration.txt */,
				76822B4C2C4237F7002BD174 /* Configuration.json */,
				763693C02C4226760073ADED /* AppDelegate.swift */,
				763693C22C4226760073ADED /* SceneDelegate.swift */,
				763693C42C4226760073ADED /* ViewController.swift */,
				763693C62C4226760073ADED /* Main.storyboard */,
				763693C92C4226790073ADED /* Assets.xcassets */,
				763693CB2C4226790073ADED /* LaunchScreen.storyboard */,
				763693CE2C4226790073ADED /* Info.plist */,
				76822B4E2C4239CC002BD174 /* AppInfo.swift */,
			);
			path = "Read Files";
			sourceTree = "<group>";
		};
/* End PBXGroup section */

/* Begin PBXNativeTarget section */
		763693BC2C4226760073ADED /* Read Files */ = {
			isa = PBXNativeTarget;
			buildConfigurationList = 763693D12C4226790073ADED /* Build configuration list for PBXNativeTarget "Read Files" */;
			buildPhases = (
				763693B92C4226760073ADED /* Sources */,
				763693BA2C4226760073ADED /* Frameworks */,
				763693BB2C4226760073ADED /* Resources */,
			);
			buildRules = (
			);
			dependencies = (
			);
			name = "Read Files";
			productName = "Read Files";
			productReference = 763693BD2C4226760073ADED /* Read Files.app */;
			productType = "com.apple.product-type.application";
		};
/* End PBXNativeTarget section */

/* Begin PBXProject section */
		763693B52C4226760073ADED /* Project object */ = {
			isa = PBXProject;
			attributes = {
				BuildIndependentTargetsInParallel = 1;
				LastSwiftUpdateCheck = 1540;
				LastUpgradeCheck = 1540;
				TargetAttributes = {
					763693BC2C4226760073ADED = {
						CreatedOnToolsVersion = 15.4;
					};
				};
			};
			buildConfigurationList = 763693B82C4226760073ADED /* Build configuration list for PBXProject "Read Files" */;
			compatibilityVersion = "Xcode 14.0";
			developmentRegion = en;
			hasScannedForEncodings = 0;
			knownRegions = (
				en,
				Base,
			);
			mainGroup = 763693B42C4226760073ADED;
			productRefGroup = 763693BE2C4226760073ADED /* Products */;
			projectDirPath = "";
			projectRoot = "";
			targets = (
				763693BC2C4226760073ADED /* Read Files */,
			);
		};
/* End PBXProject section */

/* Begin PBXResourcesBuildPhase section */
		763693BB2C4226760073ADED /* Resources */ = {
			isa = PBXResourcesBuildPhase;
			buildActionMask = 2147483647;
			files = (
				76822B4D2C4237F7002BD174 /* Configuration.json in Resources */,
				763693CA2C4226790073ADED /* Assets.xcassets in Resources */,
				763693CD2C4226790073ADED /* Base in Resources */,
				763693C82C4226760073ADED /* Base in Resources */,
				763693D72C4227F10073ADED /* Configuration.txt in Resources */,
			);
			runOnlyForDeploymentPostprocessing = 0;
		};
/* End PBXResourcesBuildPhase section */

/* Begin PBXSourcesBuildPhase section */
		763693B92C4226760073ADED /* Sources */ = {
			isa = PBXSourcesBuildPhase;
			buildActionMask = 2147483647;
			files = (
				763693C52C4226760073ADED /* ViewController.swift in Sources */,
				76822B4F2C4239CC002BD174 /* AppInfo.swift in Sources */,
				763693C12C4226760073ADED /* AppDelegate.swift in Sources */,
				763693C32C4226760073ADED /* SceneDelegate.swift in Sources */,
			);
			runOnlyForDeploymentPostprocessing = 0;
		};
/* End PBXSourcesBuildPhase section */

/* Begin PBXVariantGroup section */
		763693C62C4226760073ADED /* Main.storyboard */ = {
			isa = PBXVariantGroup;
			children = (
				763693C72C4226760073ADED /* Base */,
			);
			name = Main.storyboard;
			sourceTree = "<group>";
		};
		763693CB2C4226790073ADED /* LaunchScreen.storyboard */ = {
			isa = PBXVariantGroup;
			children = (
				763693CC2C4226790073ADED /* Base */,
			);
			name = LaunchScreen.storyboard;
			sourceTree = "<group>";
		};
/* End PBXVariantGroup section */

/* Begin XCBuildConfiguration section */
		763693CF2C4226790073ADED /* Debug */ = {
			isa = XCBuildConfiguration;
			buildSettings = {
				ALWAYS_SEARCH_USER_PATHS = NO;
				ASSETCATALOG_COMPILER_GENERATE_SWIFT_ASSET_SYMBOL_EXTENSIONS = YES;
				CLANG_ANALYZER_NONNULL = YES;
				CLANG_ANALYZER_NUMBER_OBJECT_CONVERSION = YES_AGGRESSIVE;
				CLANG_CXX_LANGUAGE_STANDARD = "gnu++20";
				CLANG_ENABLE_MODULES = YES;
				CLANG_ENABLE_OBJC_ARC = YES;
				CLANG_ENABLE_OBJC_WEAK = YES;
				CLANG_WARN_BLOCK_CAPTURE_AUTORELEASING = YES;
				CLANG_WARN_BOOL_CONVERSION = YES;
				CLANG_WARN_COMMA = YES;
				CLANG_WARN_CONSTANT_CONVERSION = YES;
				CLANG_WARN_DEPRECATED_OBJC_IMPLEMENTATIONS = YES;
				CLANG_WARN_DIRECT_OBJC_ISA_USAGE = YES_ERROR;
				CLANG_WARN_DOCUMENTATION_COMMENTS = YES;
				CLANG_WARN_EMPTY_BODY = YES;
				CLANG_WARN_ENUM_CONVERSION = YES;
				CLANG_WARN_INFINITE_RECURSION = YES;
				CLANG_WARN_INT_CONVERSION = YES;
				CLANG_WARN_NON_LITERAL_NULL_CONVERSION = YES;
				CLANG_WARN_OBJC_IMPLICIT_RETAIN_SELF = YES;
				CLANG_WARN_OBJC_LITERAL_CONVERSION = YES;
				CLANG_WARN_OBJC_ROOT_CLASS = YES_ERROR;
				CLANG_WARN_QUOTED_INCLUDE_IN_FRAMEWORK_HEADER = YES;
				CLANG_WARN_RANGE_LOOP_ANALYSIS = YES;
				CLANG_WARN_STRICT_PROTOTYPES = YES;
				CLANG_WARN_SUSPICIOUS_MOVE = YES;
				CLANG_WARN_UNGUARDED_AVAILABILITY = YES_AGGRESSIVE;
				CLANG_WARN_UNREACHABLE_CODE = YES;
				CLANG_WARN__DUPLICATE_METHOD_MATCH = YES;
				COPY_PHASE_STRIP = NO;
				DEBUG_INFORMATION_FORMAT = dwarf;
				ENABLE_STRICT_OBJC_MSGSEND = YES;
				ENABLE_TESTABILITY = YES;
				ENABLE_USER_SCRIPT_SANDBOXING = YES;
				GCC_C_LANGUAGE_STANDARD = gnu17;
				GCC_DYNAMIC_NO_PIC = NO;
				GCC_NO_COMMON_BLOCKS = YES;
				GCC_OPTIMIZATION_LEVEL = 0;
				GCC_PREPROCESSOR_DEFINITIONS = (
					"DEBUG=1",
					"$(inherited)",
				);
				GCC_WARN_64_TO_32_BIT_CONVERSION = YES;
				GCC_WARN_ABOUT_RETURN_TYPE = YES_ERROR;
				GCC_WARN_UNDECLARED_SELECTOR = YES;
				GCC_WARN_UNINITIALIZED_AUTOS = YES_AGGRESSIVE;
				GCC_WARN_UNUSED_FUNCTION = YES;
				GCC_WARN_UNUSED_VARIABLE = YES;
				IPHONEOS_DEPLOYMENT_TARGET = 17.5;
				LOCALIZATION_PREFERS_STRING_CATALOGS = YES;
				MTL_ENABLE_DEBUG_INFO = INCLUDE_SOURCE;
				MTL_FAST_MATH = YES;
				ONLY_ACTIVE_ARCH = YES;
				SDKROOT = iphoneos;
				SWIFT_ACTIVE_COMPILATION_CONDITIONS = "DEBUG $(inherited)";
				SWIFT_OPTIMIZATION_LEVEL = "-Onone";
			};
			name = Debug;
		};
		763693D02C4226790073ADED /* Release */ = {
			isa = XCBuildConfiguration;
			buildSettings = {
				ALWAYS_SEARCH_USER_PATHS = NO;
				ASSETCATALOG_COMPILER_GENERATE_SWIFT_ASSET_SYMBOL_EXTENSIONS = YES;
				CLANG_ANALYZER_NONNULL = YES;
				CLANG_ANALYZER_NUMBER_OBJECT_CONVERSION = YES_AGGRESSIVE;
				CLANG_CXX_LANGUAGE_STANDARD = "gnu++20";
				CLANG_ENABLE_MODULES = YES;
				CLANG_ENABLE_OBJC_ARC = YES;
				CLANG_ENABLE_OBJC_WEAK = YES;
				CLANG_WARN_BLOCK_CAPTURE_AUTORELEASING = YES;
				CLANG_WARN_BOOL_CONVERSION = YES;
				CLANG_WARN_COMMA = YES;
				CLANG_WARN_CONSTANT_CONVERSION = YES;
				CLANG_WARN_DEPRECATED_OBJC_IMPLEMENTATIONS = YES;
				CLANG_WARN_DIRECT_OBJC_ISA_USAGE = YES_ERROR;
				CLANG_WARN_DOCUMENTATION_COMMENTS = YES;
				CLANG_WARN_EMPTY_BODY = YES;
				CLANG_WARN_ENUM_CONVERSION = YES;
				CLANG_WARN_INFINITE_RECURSION = YES;
				CLANG_WARN_INT_CONVERSION = YES;
				CLANG_WARN_NON_LITERAL_NULL_CONVERSION = YES;
				CLANG_WARN_OBJC_IMPLICIT_RETAIN_SELF = YES;
				CLANG_WARN_OBJC_LITERAL_CONVERSION = YES;
				CLANG_WARN_OBJC_ROOT_CLASS = YES_ERROR;
				CLANG_WARN_QUOTED_INCLUDE_IN_FRAMEWORK_HEADER = YES;
				CLANG_WARN_RANGE_LOOP_ANALYSIS = YES;
				CLANG_WARN_STRICT_PROTOTYPES = YES;
				CLANG_WARN_SUSPICIOUS_MOVE = YES;
				CLANG_WARN_UNGUARDED_AVAILABILITY = YES_AGGRESSIVE;
				CLANG_WARN_UNREACHABLE_CODE = YES;
				CLANG_WARN__DUPLICATE_METHOD_MATCH = YES;
				COPY_PHASE_STRIP = NO;
				DEBUG_INFORMATION_FORMAT = "dwarf-with-dsym";
				ENABLE_NS_ASSERTIONS = NO;
				ENABLE_STRICT_OBJC_MSGSEND = YES;
				ENABLE_USER_SCRIPT_SANDBOXING = YES;
				GCC_C_LANGUAGE_STANDARD = gnu17;
				GCC_NO_COMMON_BLOCKS = YES;
				GCC_WARN_64_TO_32_BIT_CONVERSION = YES;
				GCC_WARN_ABOUT_RETURN_TYPE = YES_ERROR;
				GCC_WARN_UNDECLARED_SELECTOR = YES;
				GCC_WARN_UNINITIALIZED_AUTOS = YES_AGGRESSIVE;
				GCC_WARN_UNUSED_FUNCTION = YES;
				GCC_WARN_UNUSED_VARIABLE = YES;
				IPHONEOS_DEPLOYMENT_TARGET = 17.5;
				LOCALIZATION_PREFERS_STRING_CATALOGS = YES;
				MTL_ENABLE_DEBUG_INFO = NO;
				MTL_FAST_MATH = YES;
				SDKROOT = iphoneos;
				SWIFT_COMPILATION_MODE = wholemodule;
				VALIDATE_PRODUCT = YES;
			};
			name = Release;
		};
		763693D22C4226790073ADED /* Debug */ = {
			isa = XCBuildConfiguration;
			buildSettings = {
				ASSETCATALOG_COMPILER_APPICON_NAME = AppIcon;
				ASSETCATALOG_COMPILER_GLOBAL_ACCENT_COLOR_NAME = AccentColor;
				CODE_SIGN_STYLE = Automatic;
				CURRENT_PROJECT_VERSION = 1;
				DEVELOPMENT_TEAM = 94YZC66W24;
				GENERATE_INFOPLIST_FILE = YES;
				INFOPLIST_FILE = "Read Files/Info.plist";
				INFOPLIST_KEY_UIApplicationSupportsIndirectInputEvents = YES;
				INFOPLIST_KEY_UILaunchStoryboardName = LaunchScreen;
				INFOPLIST_KEY_UIMainStoryboardFile = Main;
				INFOPLIST_KEY_UISupportedInterfaceOrientations_iPad = "UIInterfaceOrientationPortrait UIInterfaceOrientationPortraitUpsideDown UIInterfaceOrientationLandscapeLeft UIInterfaceOrientationLandscapeRight";
				INFOPLIST_KEY_UISupportedInterfaceOrientations_iPhone = "UIInterfaceOrientationPortrait UIInterfaceOrientationLandscapeLeft UIInterfaceOrientationLandscapeRight";
				LD_RUNPATH_SEARCH_PATHS = (
					"$(inherited)",
					"@executable_path/Frameworks",
				);
				MARKETING_VERSION = 1.0;
				PRODUCT_BUNDLE_IDENTIFIER = "jilamika.Read-Files";
				PRODUCT_NAME = "$(TARGET_NAME)";
				SWIFT_EMIT_LOC_STRINGS = YES;
				SWIFT_VERSION = 5.0;
				TARGETED_DEVICE_FAMILY = "1,2";
			};
			name = Debug;
		};
		763693D32C4226790073ADED /* Release */ = {
			isa = XCBuildConfiguration;
			buildSettings = {
				ASSETCATALOG_COMPILER_APPICON_NAME = AppIcon;
				ASSETCATALOG_COMPILER_GLOBAL_ACCENT_COLOR_NAME = AccentColor;
				CODE_SIGN_STYLE = Automatic;
				CURRENT_PROJECT_VERSION = 1;
				DEVELOPMENT_TEAM = 94YZC66W24;
				GENERATE_INFOPLIST_FILE = YES;
				INFOPLIST_FILE = "Read Files/Info.plist";
				INFOPLIST_KEY_UIApplicationSupportsIndirectInputEvents = YES;
				INFOPLIST_KEY_UILaunchStoryboardName = LaunchScreen;
				INFOPLIST_KEY_UIMainStoryboardFile = Main;
				INFOPLIST_KEY_UISupportedInterfaceOrientations_iPad = "UIInterfaceOrientationPortrait UIInterfaceOrientationPortraitUpsideDown UIInterfaceOrientationLandscapeLeft UIInterfaceOrientationLandscapeRight";
				INFOPLIST_KEY_UISupportedInterfaceOrientations_iPhone = "UIInterfaceOrientationPortrait UIInterfaceOrientationLandscapeLeft UIInterfaceOrientationLandscapeRight";
				LD_RUNPATH_SEARCH_PATHS = (
					"$(inherited)",
					"@executable_path/Frameworks",
				);
				MARKETING_VERSION = 1.0;
				PRODUCT_BUNDLE_IDENTIFIER = "jilamika.Read-Files";
				PRODUCT_NAME = "$(TARGET_NAME)";
				SWIFT_EMIT_LOC_STRINGS = YES;
				SWIFT_VERSION = 5.0;
				TARGETED_DEVICE_FAMILY = "1,2";
			};
			name = Release;
		};
/* End XCBuildConfiguration section */

/* Begin XCConfigurationList section */
		763693B82C4226760073ADED /* Build configuration list for PBXProject "Read Files" */ = {
			isa = XCConfigurationList;
			buildConfigurations = (
				763693CF2C4226790073ADED /* Debug */,
				763693D02C4226790073ADED /* Release */,
			);
			defaultConfigurationIsVisible = 0;
			defaultConfigurationName = Release;
		};
		763693D12C4226790073ADED /* Build configuration list for PBXNativeTarget "Read Files" */ = {
			isa = XCConfigurationList;
			buildConfigurations = (
				763693D22C4226790073ADED /* Debug */,
				763693D32C4226790073ADED /* Release */,
			);
			defaultConfigurationIsVisible = 0;
			defaultConfigurationName = Release;
		};
/* End XCConfigurationList section */
	};
	rootObject = 763693B52C4226760073ADED /* Project object */;
}
