// !$*UTF8*$!
{
	archiveVersion = 1;
	classes = {
	};
	objectVersion = 56;
	objects = {

/* Begin PBXBuildFile section */
		2E85E9402C42DDD0008454E2 /* AppDelegate.swift in Sources */ = {isa = PBXBuildFile; fileRef = 2E85E93F2C42DDD0008454E2 /* AppDelegate.swift */; };
		2E85E9422C42DDD0008454E2 /* SceneDelegate.swift in Sources */ = {isa = PBXBuildFile; fileRef = 2E85E9412C42DDD0008454E2 /* SceneDelegate.swift */; };
		2E85E9442C42DDD0008454E2 /* ViewController.swift in Sources */ = {isa = PBXBuildFile; fileRef = 2E85E9432C42DDD0008454E2 /* ViewController.swift */; };
		2E85E9472C42DDD0008454E2 /* Base in Resources */ = {isa = PBXBuildFile; fileRef = 2E85E9462C42DDD0008454E2 /* Base */; };
		2E85E9492C42DDD2008454E2 /* Assets.xcassets in Resources */ = {isa = PBXBuildFile; fileRef = 2E85E9482C42DDD2008454E2 /* Assets.xcassets */; };
		2E85E94C2C42DDD2008454E2 /* Base in Resources */ = {isa = PBXBuildFile; fileRef = 2E85E94B2C42DDD2008454E2 /* Base */; };
		2E85E9542C437F08008454E2 /* AppStore.swift in Sources */ = {isa = PBXBuildFile; fileRef = 2E85E9532C437F08008454E2 /* AppStore.swift */; };
		2E85E9562C437F8E008454E2 /* SampleData.swift in Sources */ = {isa = PBXBuildFile; fileRef = 2E85E9552C437F8E008454E2 /* SampleData.swift */; };
		2E85E9582C438038008454E2 /* AppTableViewCell.swift in Sources */ = {isa = PBXBuildFile; fileRef = 2E85E9572C438038008454E2 /* AppTableViewCell.swift */; };
		2E85E95A2C4393F6008454E2 /* AppDetailViewController.swift in Sources */ = {isa = PBXBuildFile; fileRef = 2E85E9592C4393F6008454E2 /* AppDetailViewController.swift */; };
/* End PBXBuildFile section */

/* Begin PBXFileReference section */
		2E85E93C2C42DDD0008454E2 /* Top-Chart-App.app */ = {isa = PBXFileReference; explicitFileType = wrapper.application; includeInIndex = 0; path = "Top-Chart-App.app"; sourceTree = BUILT_PRODUCTS_DIR; };
		2E85E93F2C42DDD0008454E2 /* AppDelegate.swift */ = {isa = PBXFileReference; lastKnownFileType = sourcecode.swift; path = AppDelegate.swift; sourceTree = "<group>"; };
		2E85E9412C42DDD0008454E2 /* SceneDelegate.swift */ = {isa = PBXFileReference; lastKnownFileType = sourcecode.swift; path = SceneDelegate.swift; sourceTree = "<group>"; };
		2E85E9432C42DDD0008454E2 /* ViewController.swift */ = {isa = PBXFileReference; lastKnownFileType = sourcecode.swift; path = ViewController.swift; sourceTree = "<group>"; };
		2E85E9462C42DDD0008454E2 /* Base */ = {isa = PBXFileReference; lastKnownFileType = file.storyboard; name = Base; path = Base.lproj/Main.storyboard; sourceTree = "<group>"; };
		2E85E9482C42DDD2008454E2 /* Assets.xcassets */ = {isa = PBXFileReference; lastKnownFileType = folder.assetcatalog; path = Assets.xcassets; sourceTree = "<group>"; };
		2E85E94B2C42DDD2008454E2 /* Base */ = {isa = PBXFileReference; lastKnownFileType = file.storyboard; name = Base; path = Base.lproj/LaunchScreen.storyboard; sourceTree = "<group>"; };
		2E85E94D2C42DDD2008454E2 /* Info.plist */ = {isa = PBXFileReference; lastKnownFileType = text.plist.xml; path = Info.plist; sourceTree = "<group>"; };
		2E85E9532C437F08008454E2 /* AppStore.swift */ = {isa = PBXFileReference; fileEncoding = 4; lastKnownFileType = sourcecode.swift; path = AppStore.swift; sourceTree = "<group>"; };
		2E85E9552C437F8E008454E2 /* SampleData.swift */ = {isa = PBXFileReference; fileEncoding = 4; lastKnownFileType = sourcecode.swift; path = SampleData.swift; sourceTree = "<group>"; };
		2E85E9572C438038008454E2 /* AppTableViewCell.swift */ = {isa = PBXFileReference; lastKnownFileType = sourcecode.swift; path = AppTableViewCell.swift; sourceTree = "<group>"; };
		2E85E9592C4393F6008454E2 /* AppDetailViewController.swift */ = {isa = PBXFileReference; lastKnownFileType = sourcecode.swift; path = AppDetailViewController.swift; sourceTree = "<group>"; };
/* End PBXFileReference section */

/* Begin PBXFrameworksBuildPhase section */
		2E85E9392C42DDD0008454E2 /* Frameworks */ = {
			isa = PBXFrameworksBuildPhase;
			buildActionMask = 2147483647;
			files = (
			);
			runOnlyForDeploymentPostprocessing = 0;
		};
/* End PBXFrameworksBuildPhase section */

/* Begin PBXGroup section */
		2E85E9332C42DDD0008454E2 = {
			isa = PBXGroup;
			children = (
				2E85E93E2C42DDD0008454E2 /* Top-Chart-App */,
				2E85E93D2C42DDD0008454E2 /* Products */,
			);
			sourceTree = "<group>";
		};
		2E85E93D2C42DDD0008454E2 /* Products */ = {
			isa = PBXGroup;
			children = (
				2E85E93C2C42DDD0008454E2 /* Top-Chart-App.app */,
			);
			name = Products;
			sourceTree = "<group>";
		};
		2E85E93E2C42DDD0008454E2 /* Top-Chart-App */ = {
			isa = PBXGroup;
			children = (
				2E85E93F2C42DDD0008454E2 /* AppDelegate.swift */,
				2E85E9412C42DDD0008454E2 /* SceneDelegate.swift */,
				2E85E9572C438038008454E2 /* AppTableViewCell.swift */,
				2E85E9432C42DDD0008454E2 /* ViewController.swift */,
				2E85E9592C4393F6008454E2 /* AppDetailViewController.swift */,
				2E85E9532C437F08008454E2 /* AppStore.swift */,
				2E85E9552C437F8E008454E2 /* SampleData.swift */,
				2E85E9452C42DDD0008454E2 /* Main.storyboard */,
				2E85E9482C42DDD2008454E2 /* Assets.xcassets */,
				2E85E94A2C42DDD2008454E2 /* LaunchScreen.storyboard */,
				2E85E94D2C42DDD2008454E2 /* Info.plist */,
			);
			path = "Top-Chart-App";
			sourceTree = "<group>";
		};
/* End PBXGroup section */

/* Begin PBXNativeTarget section */
		2E85E93B2C42DDD0008454E2 /* Top-Chart-App */ = {
			isa = PBXNativeTarget;
			buildConfigurationList = 2E85E9502C42DDD2008454E2 /* Build configuration list for PBXNativeTarget "Top-Chart-App" */;
			buildPhases = (
				2E85E9382C42DDD0008454E2 /* Sources */,
				2E85E9392C42DDD0008454E2 /* Frameworks */,
				2E85E93A2C42DDD0008454E2 /* Resources */,
			);
			buildRules = (
			);
			dependencies = (
			);
			name = "Top-Chart-App";
			productName = "Top-Chart-App";
			productReference = 2E85E93C2C42DDD0008454E2 /* Top-Chart-App.app */;
			productType = "com.apple.product-type.application";
		};
/* End PBXNativeTarget section */

/* Begin PBXProject section */
		2E85E9342C42DDD0008454E2 /* Project object */ = {
			isa = PBXProject;
			attributes = {
				BuildIndependentTargetsInParallel = 1;
				LastSwiftUpdateCheck = 1540;
				LastUpgradeCheck = 1540;
				TargetAttributes = {
					2E85E93B2C42DDD0008454E2 = {
						CreatedOnToolsVersion = 15.4;
					};
				};
			};
			buildConfigurationList = 2E85E9372C42DDD0008454E2 /* Build configuration list for PBXProject "Top-Chart-App" */;
			compatibilityVersion = "Xcode 14.0";
			developmentRegion = en;
			hasScannedForEncodings = 0;
			knownRegions = (
				en,
				Base,
			);
			mainGroup = 2E85E9332C42DDD0008454E2;
			productRefGroup = 2E85E93D2C42DDD0008454E2 /* Products */;
			projectDirPath = "";
			projectRoot = "";
			targets = (
				2E85E93B2C42DDD0008454E2 /* Top-Chart-App */,
			);
		};
/* End PBXProject section */

/* Begin PBXResourcesBuildPhase section */
		2E85E93A2C42DDD0008454E2 /* Resources */ = {
			isa = PBXResourcesBuildPhase;
			buildActionMask = 2147483647;
			files = (
				2E85E9492C42DDD2008454E2 /* Assets.xcassets in Resources */,
				2E85E94C2C42DDD2008454E2 /* Base in Resources */,
				2E85E9472C42DDD0008454E2 /* Base in Resources */,
			);
			runOnlyForDeploymentPostprocessing = 0;
		};
/* End PBXResourcesBuildPhase section */

/* Begin PBXSourcesBuildPhase section */
		2E85E9382C42DDD0008454E2 /* Sources */ = {
			isa = PBXSourcesBuildPhase;
			buildActionMask = 2147483647;
			files = (
				2E85E9442C42DDD0008454E2 /* ViewController.swift in Sources */,
				2E85E9402C42DDD0008454E2 /* AppDelegate.swift in Sources */,
				2E85E9422C42DDD0008454E2 /* SceneDelegate.swift in Sources */,
				2E85E9562C437F8E008454E2 /* SampleData.swift in Sources */,
				2E85E95A2C4393F6008454E2 /* AppDetailViewController.swift in Sources */,
				2E85E9542C437F08008454E2 /* AppStore.swift in Sources */,
				2E85E9582C438038008454E2 /* AppTableViewCell.swift in Sources */,
			);
			runOnlyForDeploymentPostprocessing = 0;
		};
/* End PBXSourcesBuildPhase section */

/* Begin PBXVariantGroup section */
		2E85E9452C42DDD0008454E2 /* Main.storyboard */ = {
			isa = PBXVariantGroup;
			children = (
				2E85E9462C42DDD0008454E2 /* Base */,
			);
			name = Main.storyboard;
			sourceTree = "<group>";
		};
		2E85E94A2C42DDD2008454E2 /* LaunchScreen.storyboard */ = {
			isa = PBXVariantGroup;
			children = (
				2E85E94B2C42DDD2008454E2 /* Base */,
			);
			name = LaunchScreen.storyboard;
			sourceTree = "<group>";
		};
/* End PBXVariantGroup section */

/* Begin XCBuildConfiguration section */
		2E85E94E2C42DDD2008454E2 /* Debug */ = {
			isa = XCBuildConfiguration;
			buildSettings = {
				ALWAYS_SEARCH_USER_PATHS = NO;
				ASSETCATALOG_COMPILER_GENERATE_SWIFT_ASSET_SYMBOL_EXTENSIONS = YES;
				CLANG_ANALYZER_NONNULL = YES;
				CLANG_ANALYZER_NUMBER_OBJECT_CONVERSION = YES_AGGRESSIVE;
				CLANG_CXX_LANGUAGE_STANDARD = "gnu++20";
				CLANG_ENABLE_MODULES = YES;
				CLANG_ENABLE_OBJC_ARC = YES;
				CLANG_ENABLE_OBJC_WEAK = YES;
				CLANG_WARN_BLOCK_CAPTURE_AUTORELEASING = YES;
				CLANG_WARN_BOOL_CONVERSION = YES;
				CLANG_WARN_COMMA = YES;
				CLANG_WARN_CONSTANT_CONVERSION = YES;
				CLANG_WARN_DEPRECATED_OBJC_IMPLEMENTATIONS = YES;
				CLANG_WARN_DIRECT_OBJC_ISA_USAGE = YES_ERROR;
				CLANG_WARN_DOCUMENTATION_COMMENTS = YES;
				CLANG_WARN_EMPTY_BODY = YES;
				CLANG_WARN_ENUM_CONVERSION = YES;
				CLANG_WARN_INFINITE_RECURSION = YES;
				CLANG_WARN_INT_CONVERSION = YES;
				CLANG_WARN_NON_LITERAL_NULL_CONVERSION = YES;
				CLANG_WARN_OBJC_IMPLICIT_RETAIN_SELF = YES;
				CLANG_WARN_OBJC_LITERAL_CONVERSION = YES;
				CLANG_WARN_OBJC_ROOT_CLASS = YES_ERROR;
				CLANG_WARN_QUOTED_INCLUDE_IN_FRAMEWORK_HEADER = YES;
				CLANG_WARN_RANGE_LOOP_ANALYSIS = YES;
				CLANG_WARN_STRICT_PROTOTYPES = YES;
				CLANG_WARN_SUSPICIOUS_MOVE = YES;
				CLANG_WARN_UNGUARDED_AVAILABILITY = YES_AGGRESSIVE;
				CLANG_WARN_UNREACHABLE_CODE = YES;
				CLANG_WARN__DUPLICATE_METHOD_MATCH = YES;
				COPY_PHASE_STRIP = NO;
				DEBUG_INFORMATION_FORMAT = dwarf;
				ENABLE_STRICT_OBJC_MSGSEND = YES;
				ENABLE_TESTABILITY = YES;
				ENABLE_USER_SCRIPT_SANDBOXING = YES;
				GCC_C_LANGUAGE_STANDARD = gnu17;
				GCC_DYNAMIC_NO_PIC = NO;
				GCC_NO_COMMON_BLOCKS = YES;
				GCC_OPTIMIZATION_LEVEL = 0;
				GCC_PREPROCESSOR_DEFINITIONS = (
					"DEBUG=1",
					"$(inherited)",
				);
				GCC_WARN_64_TO_32_BIT_CONVERSION = YES;
				GCC_WARN_ABOUT_RETURN_TYPE = YES_ERROR;
				GCC_WARN_UNDECLARED_SELECTOR = YES;
				GCC_WARN_UNINITIALIZED_AUTOS = YES_AGGRESSIVE;
				GCC_WARN_UNUSED_FUNCTION = YES;
				GCC_WARN_UNUSED_VARIABLE = YES;
				IPHONEOS_DEPLOYMENT_TARGET = 17.5;
				LOCALIZATION_PREFERS_STRING_CATALOGS = YES;
				MTL_ENABLE_DEBUG_INFO = INCLUDE_SOURCE;
				MTL_FAST_MATH = YES;
				ONLY_ACTIVE_ARCH = YES;
				SDKROOT = iphoneos;
				SWIFT_ACTIVE_COMPILATION_CONDITIONS = "DEBUG $(inherited)";
				SWIFT_OPTIMIZATION_LEVEL = "-Onone";
			};
			name = Debug;
		};
		2E85E94F2C42DDD2008454E2 /* Release */ = {
			isa = XCBuildConfiguration;
			buildSettings = {
				ALWAYS_SEARCH_USER_PATHS = NO;
				ASSETCATALOG_COMPILER_GENERATE_SWIFT_ASSET_SYMBOL_EXTENSIONS = YES;
				CLANG_ANALYZER_NONNULL = YES;
				CLANG_ANALYZER_NUMBER_OBJECT_CONVERSION = YES_AGGRESSIVE;
				CLANG_CXX_LANGUAGE_STANDARD = "gnu++20";
				CLANG_ENABLE_MODULES = YES;
				CLANG_ENABLE_OBJC_ARC = YES;
				CLANG_ENABLE_OBJC_WEAK = YES;
				CLANG_WARN_BLOCK_CAPTURE_AUTORELEASING = YES;
				CLANG_WARN_BOOL_CONVERSION = YES;
				CLANG_WARN_COMMA = YES;
				CLANG_WARN_CONSTANT_CONVERSION = YES;
				CLANG_WARN_DEPRECATED_OBJC_IMPLEMENTATIONS = YES;
				CLANG_WARN_DIRECT_OBJC_ISA_USAGE = YES_ERROR;
				CLANG_WARN_DOCUMENTATION_COMMENTS = YES;
				CLANG_WARN_EMPTY_BODY = YES;
				CLANG_WARN_ENUM_CONVERSION = YES;
				CLANG_WARN_INFINITE_RECURSION = YES;
				CLANG_WARN_INT_CONVERSION = YES;
				CLANG_WARN_NON_LITERAL_NULL_CONVERSION = YES;
				CLANG_WARN_OBJC_IMPLICIT_RETAIN_SELF = YES;
				CLANG_WARN_OBJC_LITERAL_CONVERSION = YES;
				CLANG_WARN_OBJC_ROOT_CLASS = YES_ERROR;
				CLANG_WARN_QUOTED_INCLUDE_IN_FRAMEWORK_HEADER = YES;
				CLANG_WARN_RANGE_LOOP_ANALYSIS = YES;
				CLANG_WARN_STRICT_PROTOTYPES = YES;
				CLANG_WARN_SUSPICIOUS_MOVE = YES;
				CLANG_WARN_UNGUARDED_AVAILABILITY = YES_AGGRESSIVE;
				CLANG_WARN_UNREACHABLE_CODE = YES;
				CLANG_WARN__DUPLICATE_METHOD_MATCH = YES;
				COPY_PHASE_STRIP = NO;
				DEBUG_INFORMATION_FORMAT = "dwarf-with-dsym";
				ENABLE_NS_ASSERTIONS = NO;
				ENABLE_STRICT_OBJC_MSGSEND = YES;
				ENABLE_USER_SCRIPT_SANDBOXING = YES;
				GCC_C_LANGUAGE_STANDARD = gnu17;
				GCC_NO_COMMON_BLOCKS = YES;
				GCC_WARN_64_TO_32_BIT_CONVERSION = YES;
				GCC_WARN_ABOUT_RETURN_TYPE = YES_ERROR;
				GCC_WARN_UNDECLARED_SELECTOR = YES;
				GCC_WARN_UNINITIALIZED_AUTOS = YES_AGGRESSIVE;
				GCC_WARN_UNUSED_FUNCTION = YES;
				GCC_WARN_UNUSED_VARIABLE = YES;
				IPHONEOS_DEPLOYMENT_TARGET = 17.5;
				LOCALIZATION_PREFERS_STRING_CATALOGS = YES;
				MTL_ENABLE_DEBUG_INFO = NO;
				MTL_FAST_MATH = YES;
				SDKROOT = iphoneos;
				SWIFT_COMPILATION_MODE = wholemodule;
				VALIDATE_PRODUCT = YES;
			};
			name = Release;
		};
		2E85E9512C42DDD2008454E2 /* Debug */ = {
			isa = XCBuildConfiguration;
			buildSettings = {
				ASSETCATALOG_COMPILER_APPICON_NAME = AppIcon;
				ASSETCATALOG_COMPILER_GLOBAL_ACCENT_COLOR_NAME = AccentColor;
				CODE_SIGN_STYLE = Automatic;
				CURRENT_PROJECT_VERSION = 1;
				DEVELOPMENT_TEAM = H8FPM8JM77;
				GENERATE_INFOPLIST_FILE = YES;
				INFOPLIST_FILE = "Top-Chart-App/Info.plist";
				INFOPLIST_KEY_UIApplicationSupportsIndirectInputEvents = YES;
				INFOPLIST_KEY_UILaunchStoryboardName = LaunchScreen;
				INFOPLIST_KEY_UIMainStoryboardFile = Main;
				INFOPLIST_KEY_UISupportedInterfaceOrientations_iPad = "UIInterfaceOrientationPortrait UIInterfaceOrientationPortraitUpsideDown UIInterfaceOrientationLandscapeLeft UIInterfaceOrientationLandscapeRight";
				INFOPLIST_KEY_UISupportedInterfaceOrientations_iPhone = "UIInterfaceOrientationPortrait UIInterfaceOrientationLandscapeLeft UIInterfaceOrientationLandscapeRight";
				LD_RUNPATH_SEARCH_PATHS = (
					"$(inherited)",
					"@executable_path/Frameworks",
				);
				MARKETING_VERSION = 1.0;
				PRODUCT_BUNDLE_IDENTIFIER = "Pattiya.Top-Chart-App";
				PRODUCT_NAME = "$(TARGET_NAME)";
				SWIFT_EMIT_LOC_STRINGS = YES;
				SWIFT_VERSION = 5.0;
				TARGETED_DEVICE_FAMILY = "1,2";
			};
			name = Debug;
		};
		2E85E9522C42DDD2008454E2 /* Release */ = {
			isa = XCBuildConfiguration;
			buildSettings = {
				ASSETCATALOG_COMPILER_APPICON_NAME = AppIcon;
				ASSETCATALOG_COMPILER_GLOBAL_ACCENT_COLOR_NAME = AccentColor;
				CODE_SIGN_STYLE = Automatic;
				CURRENT_PROJECT_VERSION = 1;
				DEVELOPMENT_TEAM = H8FPM8JM77;
				GENERATE_INFOPLIST_FILE = YES;
				INFOPLIST_FILE = "Top-Chart-App/Info.plist";
				INFOPLIST_KEY_UIApplicationSupportsIndirectInputEvents = YES;
				INFOPLIST_KEY_UILaunchStoryboardName = LaunchScreen;
				INFOPLIST_KEY_UIMainStoryboardFile = Main;
				INFOPLIST_KEY_UISupportedInterfaceOrientations_iPad = "UIInterfaceOrientationPortrait UIInterfaceOrientationPortraitUpsideDown UIInterfaceOrientationLandscapeLeft UIInterfaceOrientationLandscapeRight";
				INFOPLIST_KEY_UISupportedInterfaceOrientations_iPhone = "UIInterfaceOrientationPortrait UIInterfaceOrientationLandscapeLeft UIInterfaceOrientationLandscapeRight";
				LD_RUNPATH_SEARCH_PATHS = (
					"$(inherited)",
					"@executable_path/Frameworks",
				);
				MARKETING_VERSION = 1.0;
				PRODUCT_BUNDLE_IDENTIFIER = "Pattiya.Top-Chart-App";
				PRODUCT_NAME = "$(TARGET_NAME)";
				SWIFT_EMIT_LOC_STRINGS = YES;
				SWIFT_VERSION = 5.0;
				TARGETED_DEVICE_FAMILY = "1,2";
			};
			name = Release;
		};
/* End XCBuildConfiguration section */

/* Begin XCConfigurationList section */
		2E85E9372C42DDD0008454E2 /* Build configuration list for PBXProject "Top-Chart-App" */ = {
			isa = XCConfigurationList;
			buildConfigurations = (
				2E85E94E2C42DDD2008454E2 /* Debug */,
				2E85E94F2C42DDD2008454E2 /* Release */,
			);
			defaultConfigurationIsVisible = 0;
			defaultConfigurationName = Release;
		};
		2E85E9502C42DDD2008454E2 /* Build configuration list for PBXNativeTarget "Top-Chart-App" */ = {
			isa = XCConfigurationList;
			buildConfigurations = (
				2E85E9512C42DDD2008454E2 /* Debug */,
				2E85E9522C42DDD2008454E2 /* Release */,
			);
			defaultConfigurationIsVisible = 0;
			defaultConfigurationName = Release;
		};
/* End XCConfigurationList section */
	};
	rootObject = 2E85E9342C42DDD0008454E2 /* Project object */;
}
