// !$*UTF8*$!
{
	archiveVersion = 1;
	classes = {
	};
	objectVersion = 56;
	objects = {

/* Begin PBXBuildFile section */
		764182A42C54A706009B759A /* moreInfoViewController.swift in Sources */ = {isa = PBXBuildFile; fileRef = 764182A32C54A706009B759A /* moreInfoViewController.swift */; };
		76604ECE2C548EFC00E99160 /* AppDelegate.swift in Sources */ = {isa = PBXBuildFile; fileRef = 76604ECD2C548EFC00E99160 /* AppDelegate.swift */; };
		76604ED02C548EFC00E99160 /* SceneDelegate.swift in Sources */ = {isa = PBXBuildFile; fileRef = 76604ECF2C548EFC00E99160 /* SceneDelegate.swift */; };
		76604ED22C548EFC00E99160 /* ViewController.swift in Sources */ = {isa = PBXBuildFile; fileRef = 76604ED12C548EFC00E99160 /* ViewController.swift */; };
		76604ED52C548EFC00E99160 /* Base in Resources */ = {isa = PBXBuildFile; fileRef = 76604ED42C548EFC00E99160 /* Base */; };
		76604ED72C548EFE00E99160 /* Assets.xcassets in Resources */ = {isa = PBXBuildFile; fileRef = 76604ED62C548EFE00E99160 /* Assets.xcassets */; };
		76604EDA2C548EFE00E99160 /* Base in Resources */ = {isa = PBXBuildFile; fileRef = 76604ED92C548EFE00E99160 /* Base */; };
		76604EE22C548F1D00E99160 /* Restaurants.json in Resources */ = {isa = PBXBuildFile; fileRef = 76604EE12C548F1D00E99160 /* Restaurants.json */; };
		76604EE42C54924900E99160 /* AppInfo.swift in Sources */ = {isa = PBXBuildFile; fileRef = 76604EE32C54924900E99160 /* AppInfo.swift */; };
		76604EE62C5497E000E99160 /* AppInfoTableViewCell.swift in Sources */ = {isa = PBXBuildFile; fileRef = 76604EE52C5497E000E99160 /* AppInfoTableViewCell.swift */; };
/* End PBXBuildFile section */

/* Begin PBXFileReference section */
		764182A32C54A706009B759A /* moreInfoViewController.swift */ = {isa = PBXFileReference; lastKnownFileType = sourcecode.swift; path = moreInfoViewController.swift; sourceTree = "<group>"; };
		76604ECA2C548EFC00E99160 /* PME-6511063.app */ = {isa = PBXFileReference; explicitFileType = wrapper.application; includeInIndex = 0; path = "PME-6511063.app"; sourceTree = BUILT_PRODUCTS_DIR; };
		76604ECD2C548EFC00E99160 /* AppDelegate.swift */ = {isa = PBXFileReference; lastKnownFileType = sourcecode.swift; path = AppDelegate.swift; sourceTree = "<group>"; };
		76604ECF2C548EFC00E99160 /* SceneDelegate.swift */ = {isa = PBXFileReference; lastKnownFileType = sourcecode.swift; path = SceneDelegate.swift; sourceTree = "<group>"; };
		76604ED12C548EFC00E99160 /* ViewController.swift */ = {isa = PBXFileReference; lastKnownFileType = sourcecode.swift; path = ViewController.swift; sourceTree = "<group>"; };
		76604ED42C548EFC00E99160 /* Base */ = {isa = PBXFileReference; lastKnownFileType = file.storyboard; name = Base; path = Base.lproj/Main.storyboard; sourceTree = "<group>"; };
		76604ED62C548EFE00E99160 /* Assets.xcassets */ = {isa = PBXFileReference; lastKnownFileType = folder.assetcatalog; path = Assets.xcassets; sourceTree = "<group>"; };
		76604ED92C548EFE00E99160 /* Base */ = {isa = PBXFileReference; lastKnownFileType = file.storyboard; name = Base; path = Base.lproj/LaunchScreen.storyboard; sourceTree = "<group>"; };
		76604EDB2C548EFE00E99160 /* Info.plist */ = {isa = PBXFileReference; lastKnownFileType = text.plist.xml; path = Info.plist; sourceTree = "<group>"; };
		76604EE12C548F1D00E99160 /* Restaurants.json */ = {isa = PBXFileReference; fileEncoding = 4; lastKnownFileType = text.json; path = Restaurants.json; sourceTree = "<group>"; };
		76604EE32C54924900E99160 /* AppInfo.swift */ = {isa = PBXFileReference; lastKnownFileType = sourcecode.swift; path = AppInfo.swift; sourceTree = "<group>"; };
		76604EE52C5497E000E99160 /* AppInfoTableViewCell.swift */ = {isa = PBXFileReference; lastKnownFileType = sourcecode.swift; path = AppInfoTableViewCell.swift; sourceTree = "<group>"; };
/* End PBXFileReference section */

/* Begin PBXFrameworksBuildPhase section */
		76604EC72C548EFC00E99160 /* Frameworks */ = {
			isa = PBXFrameworksBuildPhase;
			buildActionMask = 2147483647;
			files = (
			);
			runOnlyForDeploymentPostprocessing = 0;
		};
/* End PBXFrameworksBuildPhase section */

/* Begin PBXGroup section */
		76604EC12C548EFC00E99160 = {
			isa = PBXGroup;
			children = (
				76604ECC2C548EFC00E99160 /* PME-6511063 */,
				76604ECB2C548EFC00E99160 /* Products */,
			);
			sourceTree = "<group>";
		};
		76604ECB2C548EFC00E99160 /* Products */ = {
			isa = PBXGroup;
			children = (
				76604ECA2C548EFC00E99160 /* PME-6511063.app */,
			);
			name = Products;
			sourceTree = "<group>";
		};
		76604ECC2C548EFC00E99160 /* PME-6511063 */ = {
			isa = PBXGroup;
			children = (
				76604ECD2C548EFC00E99160 /* AppDelegate.swift */,
				76604ECF2C548EFC00E99160 /* SceneDelegate.swift */,
				76604ED12C548EFC00E99160 /* ViewController.swift */,
				76604ED32C548EFC00E99160 /* Main.storyboard */,
				76604ED62C548EFE00E99160 /* Assets.xcassets */,
				76604ED82C548EFE00E99160 /* LaunchScreen.storyboard */,
				76604EDB2C548EFE00E99160 /* Info.plist */,
				76604EE12C548F1D00E99160 /* Restaurants.json */,
				76604EE52C5497E000E99160 /* AppInfoTableViewCell.swift */,
				76604EE32C54924900E99160 /* AppInfo.swift */,
				764182A32C54A706009B759A /* moreInfoViewController.swift */,
			);
			path = "PME-6511063";
			sourceTree = "<group>";
		};
/* End PBXGroup section */

/* Begin PBXNativeTarget section */
		76604EC92C548EFC00E99160 /* PME-6511063 */ = {
			isa = PBXNativeTarget;
			buildConfigurationList = 76604EDE2C548EFE00E99160 /* Build configuration list for PBXNativeTarget "PME-6511063" */;
			buildPhases = (
				76604EC62C548EFC00E99160 /* Sources */,
				76604EC72C548EFC00E99160 /* Frameworks */,
				76604EC82C548EFC00E99160 /* Resources */,
			);
			buildRules = (
			);
			dependencies = (
			);
			name = "PME-6511063";
			productName = "PME-6511063";
			productReference = 76604ECA2C548EFC00E99160 /* PME-6511063.app */;
			productType = "com.apple.product-type.application";
		};
/* End PBXNativeTarget section */

/* Begin PBXProject section */
		76604EC22C548EFC00E99160 /* Project object */ = {
			isa = PBXProject;
			attributes = {
				BuildIndependentTargetsInParallel = 1;
				LastSwiftUpdateCheck = 1540;
				LastUpgradeCheck = 1540;
				TargetAttributes = {
					76604EC92C548EFC00E99160 = {
						CreatedOnToolsVersion = 15.4;
					};
				};
			};
			buildConfigurationList = 76604EC52C548EFC00E99160 /* Build configuration list for PBXProject "PME-6511063" */;
			compatibilityVersion = "Xcode 14.0";
			developmentRegion = en;
			hasScannedForEncodings = 0;
			knownRegions = (
				en,
				Base,
			);
			mainGroup = 76604EC12C548EFC00E99160;
			productRefGroup = 76604ECB2C548EFC00E99160 /* Products */;
			projectDirPath = "";
			projectRoot = "";
			targets = (
				76604EC92C548EFC00E99160 /* PME-6511063 */,
			);
		};
/* End PBXProject section */

/* Begin PBXResourcesBuildPhase section */
		76604EC82C548EFC00E99160 /* Resources */ = {
			isa = PBXResourcesBuildPhase;
			buildActionMask = 2147483647;
			files = (
				76604EE22C548F1D00E99160 /* Restaurants.json in Resources */,
				76604ED72C548EFE00E99160 /* Assets.xcassets in Resources */,
				76604EDA2C548EFE00E99160 /* Base in Resources */,
				76604ED52C548EFC00E99160 /* Base in Resources */,
			);
			runOnlyForDeploymentPostprocessing = 0;
		};
/* End PBXResourcesBuildPhase section */

/* Begin PBXSourcesBuildPhase section */
		76604EC62C548EFC00E99160 /* Sources */ = {
			isa = PBXSourcesBuildPhase;
			buildActionMask = 2147483647;
			files = (
				76604ED22C548EFC00E99160 /* ViewController.swift in Sources */,
				764182A42C54A706009B759A /* moreInfoViewController.swift in Sources */,
				76604EE42C54924900E99160 /* AppInfo.swift in Sources */,
				76604ECE2C548EFC00E99160 /* AppDelegate.swift in Sources */,
				76604ED02C548EFC00E99160 /* SceneDelegate.swift in Sources */,
				76604EE62C5497E000E99160 /* AppInfoTableViewCell.swift in Sources */,
			);
			runOnlyForDeploymentPostprocessing = 0;
		};
/* End PBXSourcesBuildPhase section */

/* Begin PBXVariantGroup section */
		76604ED32C548EFC00E99160 /* Main.storyboard */ = {
			isa = PBXVariantGroup;
			children = (
				76604ED42C548EFC00E99160 /* Base */,
			);
			name = Main.storyboard;
			sourceTree = "<group>";
		};
		76604ED82C548EFE00E99160 /* LaunchScreen.storyboard */ = {
			isa = PBXVariantGroup;
			children = (
				76604ED92C548EFE00E99160 /* Base */,
			);
			name = LaunchScreen.storyboard;
			sourceTree = "<group>";
		};
/* End PBXVariantGroup section */

/* Begin XCBuildConfiguration section */
		76604EDC2C548EFE00E99160 /* Debug */ = {
			isa = XCBuildConfiguration;
			buildSettings = {
				ALWAYS_SEARCH_USER_PATHS = NO;
				ASSETCATALOG_COMPILER_GENERATE_SWIFT_ASSET_SYMBOL_EXTENSIONS = YES;
				CLANG_ANALYZER_NONNULL = YES;
				CLANG_ANALYZER_NUMBER_OBJECT_CONVERSION = YES_AGGRESSIVE;
				CLANG_CXX_LANGUAGE_STANDARD = "gnu++20";
				CLANG_ENABLE_MODULES = YES;
				CLANG_ENABLE_OBJC_ARC = YES;
				CLANG_ENABLE_OBJC_WEAK = YES;
				CLANG_WARN_BLOCK_CAPTURE_AUTORELEASING = YES;
				CLANG_WARN_BOOL_CONVERSION = YES;
				CLANG_WARN_COMMA = YES;
				CLANG_WARN_CONSTANT_CONVERSION = YES;
				CLANG_WARN_DEPRECATED_OBJC_IMPLEMENTATIONS = YES;
				CLANG_WARN_DIRECT_OBJC_ISA_USAGE = YES_ERROR;
				CLANG_WARN_DOCUMENTATION_COMMENTS = YES;
				CLANG_WARN_EMPTY_BODY = YES;
				CLANG_WARN_ENUM_CONVERSION = YES;
				CLANG_WARN_INFINITE_RECURSION = YES;
				CLANG_WARN_INT_CONVERSION = YES;
				CLANG_WARN_NON_LITERAL_NULL_CONVERSION = YES;
				CLANG_WARN_OBJC_IMPLICIT_RETAIN_SELF = YES;
				CLANG_WARN_OBJC_LITERAL_CONVERSION = YES;
				CLANG_WARN_OBJC_ROOT_CLASS = YES_ERROR;
				CLANG_WARN_QUOTED_INCLUDE_IN_FRAMEWORK_HEADER = YES;
				CLANG_WARN_RANGE_LOOP_ANALYSIS = YES;
				CLANG_WARN_STRICT_PROTOTYPES = YES;
				CLANG_WARN_SUSPICIOUS_MOVE = YES;
				CLANG_WARN_UNGUARDED_AVAILABILITY = YES_AGGRESSIVE;
				CLANG_WARN_UNREACHABLE_CODE = YES;
				CLANG_WARN__DUPLICATE_METHOD_MATCH = YES;
				COPY_PHASE_STRIP = NO;
				DEBUG_INFORMATION_FORMAT = dwarf;
				ENABLE_STRICT_OBJC_MSGSEND = YES;
				ENABLE_TESTABILITY = YES;
				ENABLE_USER_SCRIPT_SANDBOXING = YES;
				GCC_C_LANGUAGE_STANDARD = gnu17;
				GCC_DYNAMIC_NO_PIC = NO;
				GCC_NO_COMMON_BLOCKS = YES;
				GCC_OPTIMIZATION_LEVEL = 0;
				GCC_PREPROCESSOR_DEFINITIONS = (
					"DEBUG=1",
					"$(inherited)",
				);
				GCC_WARN_64_TO_32_BIT_CONVERSION = YES;
				GCC_WARN_ABOUT_RETURN_TYPE = YES_ERROR;
				GCC_WARN_UNDECLARED_SELECTOR = YES;
				GCC_WARN_UNINITIALIZED_AUTOS = YES_AGGRESSIVE;
				GCC_WARN_UNUSED_FUNCTION = YES;
				GCC_WARN_UNUSED_VARIABLE = YES;
				IPHONEOS_DEPLOYMENT_TARGET = 17.5;
				LOCALIZATION_PREFERS_STRING_CATALOGS = YES;
				MTL_ENABLE_DEBUG_INFO = INCLUDE_SOURCE;
				MTL_FAST_MATH = YES;
				ONLY_ACTIVE_ARCH = YES;
				SDKROOT = iphoneos;
				SWIFT_ACTIVE_COMPILATION_CONDITIONS = "DEBUG $(inherited)";
				SWIFT_OPTIMIZATION_LEVEL = "-Onone";
			};
			name = Debug;
		};
		76604EDD2C548EFE00E99160 /* Release */ = {
			isa = XCBuildConfiguration;
			buildSettings = {
				ALWAYS_SEARCH_USER_PATHS = NO;
				ASSETCATALOG_COMPILER_GENERATE_SWIFT_ASSET_SYMBOL_EXTENSIONS = YES;
				CLANG_ANALYZER_NONNULL = YES;
				CLANG_ANALYZER_NUMBER_OBJECT_CONVERSION = YES_AGGRESSIVE;
				CLANG_CXX_LANGUAGE_STANDARD = "gnu++20";
				CLANG_ENABLE_MODULES = YES;
				CLANG_ENABLE_OBJC_ARC = YES;
				CLANG_ENABLE_OBJC_WEAK = YES;
				CLANG_WARN_BLOCK_CAPTURE_AUTORELEASING = YES;
				CLANG_WARN_BOOL_CONVERSION = YES;
				CLANG_WARN_COMMA = YES;
				CLANG_WARN_CONSTANT_CONVERSION = YES;
				CLANG_WARN_DEPRECATED_OBJC_IMPLEMENTATIONS = YES;
				CLANG_WARN_DIRECT_OBJC_ISA_USAGE = YES_ERROR;
				CLANG_WARN_DOCUMENTATION_COMMENTS = YES;
				CLANG_WARN_EMPTY_BODY = YES;
				CLANG_WARN_ENUM_CONVERSION = YES;
				CLANG_WARN_INFINITE_RECURSION = YES;
				CLANG_WARN_INT_CONVERSION = YES;
				CLANG_WARN_NON_LITERAL_NULL_CONVERSION = YES;
				CLANG_WARN_OBJC_IMPLICIT_RETAIN_SELF = YES;
				CLANG_WARN_OBJC_LITERAL_CONVERSION = YES;
				CLANG_WARN_OBJC_ROOT_CLASS = YES_ERROR;
				CLANG_WARN_QUOTED_INCLUDE_IN_FRAMEWORK_HEADER = YES;
				CLANG_WARN_RANGE_LOOP_ANALYSIS = YES;
				CLANG_WARN_STRICT_PROTOTYPES = YES;
				CLANG_WARN_SUSPICIOUS_MOVE = YES;
				CLANG_WARN_UNGUARDED_AVAILABILITY = YES_AGGRESSIVE;
				CLANG_WARN_UNREACHABLE_CODE = YES;
				CLANG_WARN__DUPLICATE_METHOD_MATCH = YES;
				COPY_PHASE_STRIP = NO;
				DEBUG_INFORMATION_FORMAT = "dwarf-with-dsym";
				ENABLE_NS_ASSERTIONS = NO;
				ENABLE_STRICT_OBJC_MSGSEND = YES;
				ENABLE_USER_SCRIPT_SANDBOXING = YES;
				GCC_C_LANGUAGE_STANDARD = gnu17;
				GCC_NO_COMMON_BLOCKS = YES;
				GCC_WARN_64_TO_32_BIT_CONVERSION = YES;
				GCC_WARN_ABOUT_RETURN_TYPE = YES_ERROR;
				GCC_WARN_UNDECLARED_SELECTOR = YES;
				GCC_WARN_UNINITIALIZED_AUTOS = YES_AGGRESSIVE;
				GCC_WARN_UNUSED_FUNCTION = YES;
				GCC_WARN_UNUSED_VARIABLE = YES;
				IPHONEOS_DEPLOYMENT_TARGET = 17.5;
				LOCALIZATION_PREFERS_STRING_CATALOGS = YES;
				MTL_ENABLE_DEBUG_INFO = NO;
				MTL_FAST_MATH = YES;
				SDKROOT = iphoneos;
				SWIFT_COMPILATION_MODE = wholemodule;
				VALIDATE_PRODUCT = YES;
			};
			name = Release;
		};
		76604EDF2C548EFE00E99160 /* Debug */ = {
			isa = XCBuildConfiguration;
			buildSettings = {
				ASSETCATALOG_COMPILER_APPICON_NAME = AppIcon;
				ASSETCATALOG_COMPILER_GLOBAL_ACCENT_COLOR_NAME = AccentColor;
				CODE_SIGN_STYLE = Automatic;
				CURRENT_PROJECT_VERSION = 1;
				DEVELOPMENT_TEAM = 94YZC66W24;
				GENERATE_INFOPLIST_FILE = YES;
				INFOPLIST_FILE = "PME-6511063/Info.plist";
				INFOPLIST_KEY_UIApplicationSupportsIndirectInputEvents = YES;
				INFOPLIST_KEY_UILaunchStoryboardName = LaunchScreen;
				INFOPLIST_KEY_UIMainStoryboardFile = Main;
				INFOPLIST_KEY_UISupportedInterfaceOrientations_iPad = "UIInterfaceOrientationPortrait UIInterfaceOrientationPortraitUpsideDown UIInterfaceOrientationLandscapeLeft UIInterfaceOrientationLandscapeRight";
				INFOPLIST_KEY_UISupportedInterfaceOrientations_iPhone = "UIInterfaceOrientationPortrait UIInterfaceOrientationLandscapeLeft UIInterfaceOrientationLandscapeRight";
				LD_RUNPATH_SEARCH_PATHS = (
					"$(inherited)",
					"@executable_path/Frameworks",
				);
				MARKETING_VERSION = 1.0;
				PRODUCT_BUNDLE_IDENTIFIER = "jilamika.PME-6511063";
				PRODUCT_NAME = "$(TARGET_NAME)";
				SWIFT_EMIT_LOC_STRINGS = YES;
				SWIFT_VERSION = 5.0;
				TARGETED_DEVICE_FAMILY = "1,2";
			};
			name = Debug;
		};
		76604EE02C548EFE00E99160 /* Release */ = {
			isa = XCBuildConfiguration;
			buildSettings = {
				ASSETCATALOG_COMPILER_APPICON_NAME = AppIcon;
				ASSETCATALOG_COMPILER_GLOBAL_ACCENT_COLOR_NAME = AccentColor;
				CODE_SIGN_STYLE = Automatic;
				CURRENT_PROJECT_VERSION = 1;
				DEVELOPMENT_TEAM = 94YZC66W24;
				GENERATE_INFOPLIST_FILE = YES;
				INFOPLIST_FILE = "PME-6511063/Info.plist";
				INFOPLIST_KEY_UIApplicationSupportsIndirectInputEvents = YES;
				INFOPLIST_KEY_UILaunchStoryboardName = LaunchScreen;
				INFOPLIST_KEY_UIMainStoryboardFile = Main;
				INFOPLIST_KEY_UISupportedInterfaceOrientations_iPad = "UIInterfaceOrientationPortrait UIInterfaceOrientationPortraitUpsideDown UIInterfaceOrientationLandscapeLeft UIInterfaceOrientationLandscapeRight";
				INFOPLIST_KEY_UISupportedInterfaceOrientations_iPhone = "UIInterfaceOrientationPortrait UIInterfaceOrientationLandscapeLeft UIInterfaceOrientationLandscapeRight";
				LD_RUNPATH_SEARCH_PATHS = (
					"$(inherited)",
					"@executable_path/Frameworks",
				);
				MARKETING_VERSION = 1.0;
				PRODUCT_BUNDLE_IDENTIFIER = "jilamika.PME-6511063";
				PRODUCT_NAME = "$(TARGET_NAME)";
				SWIFT_EMIT_LOC_STRINGS = YES;
				SWIFT_VERSION = 5.0;
				TARGETED_DEVICE_FAMILY = "1,2";
			};
			name = Release;
		};
/* End XCBuildConfiguration section */

/* Begin XCConfigurationList section */
		76604EC52C548EFC00E99160 /* Build configuration list for PBXProject "PME-6511063" */ = {
			isa = XCConfigurationList;
			buildConfigurations = (
				76604EDC2C548EFE00E99160 /* Debug */,
				76604EDD2C548EFE00E99160 /* Release */,
			);
			defaultConfigurationIsVisible = 0;
			defaultConfigurationName = Release;
		};
		76604EDE2C548EFE00E99160 /* Build configuration list for PBXNativeTarget "PME-6511063" */ = {
			isa = XCConfigurationList;
			buildConfigurations = (
				76604EDF2C548EFE00E99160 /* Debug */,
				76604EE02C548EFE00E99160 /* Release */,
			);
			defaultConfigurationIsVisible = 0;
			defaultConfigurationName = Release;
		};
/* End XCConfigurationList section */
	};
	rootObject = 76604EC22C548EFC00E99160 /* Project object */;
}
